{
  "name": "ts",
  "version": "1.0.0",
  "lockfileVersion": 2,
  "requires": true,
  "packages": {
    "": {
      "name": "ts",
      "version": "1.0.0",
      "license": "ISC",
      "dependencies": {
        "@types/jquery": "^3.5.14",
        "@types/node": "^17.0.23",
        "jQuery": "^1.7.4"
      }
    },
    "node_modules/_@types_node@17.0.23@@types": {},
    "node_modules/_@types_node@17.0.23@@types/node": {
      "name": "@types/node",
      "version": "17.0.23",
      "license": "MIT"
    },
    "node_modules/@types/jquery": {
      "version": "3.5.14",
      "resolved": "https://registry.npmmirror.com/@types/jquery/-/jquery-3.5.14.tgz",
      "integrity": "sha512-X1gtMRMbziVQkErhTQmSe2jFwwENA/Zr+PprCkF63vFq+Yt5PZ4AlKqgmeNlwgn7dhsXEK888eIW2520EpC+xg==",
      "dependencies": {
        "@types/sizzle": "*"
      }
    },
    "node_modules/@types/node": {
      "resolved": "node_modules/_@types_node@17.0.23@@types/node",
      "link": true
    },
    "node_modules/@types/sizzle": {
      "version": "2.3.3",
      "resolved": "https://registry.npmmirror.com/@types/sizzle/-/sizzle-2.3.3.tgz",
      "integrity": "sha512-JYM8x9EGF163bEyhdJBpR2QX1R5naCJHC8ucJylJ3w9/CVBaskdQ8WqBf8MmQrd1kRvp/a4TS8HJ+bxzR7ZJYQ=="
    },
    "node_modules/jQuery": {
      "version": "1.7.4",
      "resolved": "https://registry.npmmirror.com/jQuery/-/jQuery-1.7.4.tgz",
      "integrity": "sha512-hf/hWBnkFhu4FzP96tBjZNPF9qTcUaOKFA8hpVJX0Cb/892JefRzoVGCe/vkmry/pOhZiK6VnQvnuV8CoHf1rA==",
      "deprecated": "This is deprecated. Please use 'jquery' (all lowercase).",
      "engines": {
        "node": ">=0.6"
      }
    }
  },
  "dependencies": {
    "_@types_node@17.0.23@@types": {},
    "@types/jquery": {
      "version": "3.5.14",
      "resolved": "https://registry.npmmirror.com/@types/jquery/-/jquery-3.5.14.tgz",
      "integrity": "sha512-X1gtMRMbziVQkErhTQmSe2jFwwENA/Zr+PprCkF63vFq+Yt5PZ4AlKqgmeNlwgn7dhsXEK888eIW2520EpC+xg==",
      "requires": {
        "@types/sizzle": "*"
      }
    },
    "@types/node": {
      "version": "file:node_modules/_@types_node@17.0.23@@types/node"
    },
    "@types/sizzle": {
      "version": "2.3.3",
      "resolved": "https://registry.npmmirror.com/@types/sizzle/-/sizzle-2.3.3.tgz",
      "integrity": "sha512-JYM8x9EGF163bEyhdJBpR2QX1R5naCJHC8ucJylJ3w9/CVBaskdQ8WqBf8MmQrd1kRvp/a4TS8HJ+bxzR7ZJYQ=="
    },
    "jQuery": {
      "version": "1.7.4",
      "resolved": "https://registry.npmmirror.com/jQuery/-/jQuery-1.7.4.tgz",
      "integrity": "sha512-hf/hWBnkFhu4FzP96tBjZNPF9qTcUaOKFA8hpVJX0Cb/892JefRzoVGCe/vkmry/pOhZiK6VnQvnuV8CoHf1rA=="
    }
  }
}
